
Microsoft Visual Studio Solution File, Format Version 12.00
# Visual Studio Version 16
VisualStudioVersion = 16.0.28914.39
MinimumVisualStudioVersion = 10.0.40219.1
Project("{9A19103F-16F7-4668-BE54-9A1E7A4F7556}") = "ModernWpfDemo", "ModernWpfDemo\ModernWpfDemo.csproj", "{32FA3FEB-F268-4F4F-96B7-10D31CEB317C}"
EndProject
Project("{C7167F0D-BC9F-4E6E-AFE1-012C56B48DB5}") = "ModernWpfDemo.Package", "ModernWpfDemo.Package\ModernWpfDemo.Package.wapproj", "{4C17E84C-7A2D-4901-BFA3-95E18990747E}"
EndProject
Project("{FAE04EC0-301F-11D3-BF4B-00C04F79EFBC}") = "EngineComponent", "EngineComponent\EngineComponent.csproj", "{CCAFA728-74BF-4BFB-8F28-75210E828F7B}"
EndProject
Project("{FAE04EC0-301F-11D3-BF4B-00C04F79EFBC}") = "ModernWpfDemo.UWP", "ModernWpfDemo.UWP\ModernWpfDemo.UWP.csproj", "{994A6E3A-9EFA-4A44-80D7-64CAA02E11E8}"
EndProject
Global
	GlobalSection(SolutionConfigurationPlatforms) = preSolution
		Debug|Any CPU = Debug|Any CPU
		Debug|ARM = Debug|ARM
		Debug|ARM64 = Debug|ARM64
		Debug|x64 = Debug|x64
		Debug|x86 = Debug|x86
		Release|Any CPU = Release|Any CPU
		Release|ARM = Release|ARM
		Release|ARM64 = Release|ARM64
		Release|x64 = Release|x64
		Release|x86 = Release|x86
	EndGlobalSection
	GlobalSection(ProjectConfigurationPlatforms) = postSolution
		{32FA3FEB-F268-4F4F-96B7-10D31CEB317C}.Debug|Any CPU.ActiveCfg = Debug|Any CPU
		{32FA3FEB-F268-4F4F-96B7-10D31CEB317C}.Debug|Any CPU.Build.0 = Debug|Any CPU
		{32FA3FEB-F268-4F4F-96B7-10D31CEB317C}.Debug|ARM.ActiveCfg = Debug|Any CPU
		{32FA3FEB-F268-4F4F-96B7-10D31CEB317C}.Debug|ARM.Build.0 = Debug|Any CPU
		{32FA3FEB-F268-4F4F-96B7-10D31CEB317C}.Debug|ARM64.ActiveCfg = Debug|Any CPU
		{32FA3FEB-F268-4F4F-96B7-10D31CEB317C}.Debug|ARM64.Build.0 = Debug|Any CPU
		{32FA3FEB-F268-4F4F-96B7-10D31CEB317C}.Debug|x64.ActiveCfg = Debug|Any CPU
		{32FA3FEB-F268-4F4F-96B7-10D31CEB317C}.Debug|x64.Build.0 = Debug|Any CPU
		{32FA3FEB-F268-4F4F-96B7-10D31CEB317C}.Debug|x86.ActiveCfg = Debug|x86
		{32FA3FEB-F268-4F4F-96B7-10D31CEB317C}.Debug|x86.Build.0 = Debug|x86
		{32FA3FEB-F268-4F4F-96B7-10D31CEB317C}.Release|Any CPU.ActiveCfg = Release|Any CPU
		{32FA3FEB-F268-4F4F-96B7-10D31CEB317C}.Release|Any CPU.Build.0 = Release|Any CPU
		{32FA3FEB-F268-4F4F-96B7-10D31CEB317C}.Release|ARM.ActiveCfg = Release|Any CPU
		{32FA3FEB-F268-4F4F-96B7-10D31CEB317C}.Release|ARM.Build.0 = Release|Any CPU
		{32FA3FEB-F268-4F4F-96B7-10D31CEB317C}.Release|ARM64.ActiveCfg = Release|Any CPU
		{32FA3FEB-F268-4F4F-96B7-10D31CEB317C}.Release|ARM64.Build.0 = Release|Any CPU
		{32FA3FEB-F268-4F4F-96B7-10D31CEB317C}.Release|x64.ActiveCfg = Release|Any CPU
		{32FA3FEB-F268-4F4F-96B7-10D31CEB317C}.Release|x64.Build.0 = Release|Any CPU
		{32FA3FEB-F268-4F4F-96B7-10D31CEB317C}.Release|x86.ActiveCfg = Release|Any CPU
		{32FA3FEB-F268-4F4F-96B7-10D31CEB317C}.Release|x86.Build.0 = Release|Any CPU
		{4C17E84C-7A2D-4901-BFA3-95E18990747E}.Debug|Any CPU.ActiveCfg = Debug|Any CPU
		{4C17E84C-7A2D-4901-BFA3-95E18990747E}.Debug|Any CPU.Build.0 = Debug|Any CPU
		{4C17E84C-7A2D-4901-BFA3-95E18990747E}.Debug|Any CPU.Deploy.0 = Debug|Any CPU
		{4C17E84C-7A2D-4901-BFA3-95E18990747E}.Debug|ARM.ActiveCfg = Debug|ARM
		{4C17E84C-7A2D-4901-BFA3-95E18990747E}.Debug|ARM.Build.0 = Debug|ARM
		{4C17E84C-7A2D-4901-BFA3-95E18990747E}.Debug|ARM.Deploy.0 = Debug|ARM
		{4C17E84C-7A2D-4901-BFA3-95E18990747E}.Debug|ARM64.ActiveCfg = Debug|ARM64
		{4C17E84C-7A2D-4901-BFA3-95E18990747E}.Debug|ARM64.Build.0 = Debug|ARM64
		{4C17E84C-7A2D-4901-BFA3-95E18990747E}.Debug|ARM64.Deploy.0 = Debug|ARM64
		{4C17E84C-7A2D-4901-BFA3-95E18990747E}.Debug|x64.ActiveCfg = Debug|x64
		{4C17E84C-7A2D-4901-BFA3-95E18990747E}.Debug|x64.Build.0 = Debug|x64
		{4C17E84C-7A2D-4901-BFA3-95E18990747E}.Debug|x64.Deploy.0 = Debug|x64
		{4C17E84C-7A2D-4901-BFA3-95E18990747E}.Debug|x86.ActiveCfg = Debug|x86
		{4C17E84C-7A2D-4901-BFA3-95E18990747E}.Debug|x86.Build.0 = Debug|x86
		{4C17E84C-7A2D-4901-BFA3-95E18990747E}.Debug|x86.Deploy.0 = Debug|x86
		{4C17E84C-7A2D-4901-BFA3-95E18990747E}.Release|Any CPU.ActiveCfg = Release|Any CPU
		{4C17E84C-7A2D-4901-BFA3-95E18990747E}.Release|Any CPU.Build.0 = Release|Any CPU
		{4C17E84C-7A2D-4901-BFA3-95E18990747E}.Release|Any CPU.Deploy.0 = Release|Any CPU
		{4C17E84C-7A2D-4901-BFA3-95E18990747E}.Release|ARM.ActiveCfg = Release|ARM
		{4C17E84C-7A2D-4901-BFA3-95E18990747E}.Release|ARM.Build.0 = Release|ARM
		{4C17E84C-7A2D-4901-BFA3-95E18990747E}.Release|ARM.Deploy.0 = Release|ARM
		{4C17E84C-7A2D-4901-BFA3-95E18990747E}.Release|ARM64.ActiveCfg = Release|ARM64
		{4C17E84C-7A2D-4901-BFA3-95E18990747E}.Release|ARM64.Build.0 = Release|ARM64
		{4C17E84C-7A2D-4901-BFA3-95E18990747E}.Release|ARM64.Deploy.0 = Release|ARM64
		{4C17E84C-7A2D-4901-BFA3-95E18990747E}.Release|x64.ActiveCfg = Release|x64
		{4C17E84C-7A2D-4901-BFA3-95E18990747E}.Release|x64.Build.0 = Release|x64
		{4C17E84C-7A2D-4901-BFA3-95E18990747E}.Release|x64.Deploy.0 = Release|x64
		{4C17E84C-7A2D-4901-BFA3-95E18990747E}.Release|x86.ActiveCfg = Release|x86
		{4C17E84C-7A2D-4901-BFA3-95E18990747E}.Release|x86.Build.0 = Release|x86
		{4C17E84C-7A2D-4901-BFA3-95E18990747E}.Release|x86.Deploy.0 = Release|x86
		{CCAFA728-74BF-4BFB-8F28-75210E828F7B}.Debug|Any CPU.ActiveCfg = Debug|Any CPU
		{CCAFA728-74BF-4BFB-8F28-75210E828F7B}.Debug|Any CPU.Build.0 = Debug|Any CPU
		{CCAFA728-74BF-4BFB-8F28-75210E828F7B}.Debug|ARM.ActiveCfg = Debug|ARM
		{CCAFA728-74BF-4BFB-8F28-75210E828F7B}.Debug|ARM.Build.0 = Debug|ARM
		{CCAFA728-74BF-4BFB-8F28-75210E828F7B}.Debug|ARM64.ActiveCfg = Debug|ARM64
		{CCAFA728-74BF-4BFB-8F28-75210E828F7B}.Debug|ARM64.Build.0 = Debug|ARM64
		{CCAFA728-74BF-4BFB-8F28-75210E828F7B}.Debug|x64.ActiveCfg = Debug|x64
		{CCAFA728-74BF-4BFB-8F28-75210E828F7B}.Debug|x64.Build.0 = Debug|x64
		{CCAFA728-74BF-4BFB-8F28-75210E828F7B}.Debug|x86.ActiveCfg = Debug|x86
		{CCAFA728-74BF-4BFB-8F28-75210E828F7B}.Debug|x86.Build.0 = Debug|x86
		{CCAFA728-74BF-4BFB-8F28-75210E828F7B}.Release|Any CPU.ActiveCfg = Release|Any CPU
		{CCAFA728-74BF-4BFB-8F28-75210E828F7B}.Release|Any CPU.Build.0 = Release|Any CPU
		{CCAFA728-74BF-4BFB-8F28-75210E828F7B}.Release|ARM.ActiveCfg = Release|ARM
		{CCAFA728-74BF-4BFB-8F28-75210E828F7B}.Release|ARM.Build.0 = Release|ARM
		{CCAFA728-74BF-4BFB-8F28-75210E828F7B}.Release|ARM64.ActiveCfg = Release|ARM64
		{CCAFA728-74BF-4BFB-8F28-75210E828F7B}.Release|ARM64.Build.0 = Release|ARM64
		{CCAFA728-74BF-4BFB-8F28-75210E828F7B}.Release|x64.ActiveCfg = Release|x64
		{CCAFA728-74BF-4BFB-8F28-75210E828F7B}.Release|x64.Build.0 = Release|x64
		{CCAFA728-74BF-4BFB-8F28-75210E828F7B}.Release|x86.ActiveCfg = Release|x86
		{CCAFA728-74BF-4BFB-8F28-75210E828F7B}.Release|x86.Build.0 = Release|x86
		{994A6E3A-9EFA-4A44-80D7-64CAA02E11E8}.Debug|Any CPU.ActiveCfg = Debug|x86
		{994A6E3A-9EFA-4A44-80D7-64CAA02E11E8}.Debug|ARM.ActiveCfg = Debug|ARM
		{994A6E3A-9EFA-4A44-80D7-64CAA02E11E8}.Debug|ARM.Build.0 = Debug|ARM
		{994A6E3A-9EFA-4A44-80D7-64CAA02E11E8}.Debug|ARM.Deploy.0 = Debug|ARM
		{994A6E3A-9EFA-4A44-80D7-64CAA02E11E8}.Debug|ARM64.ActiveCfg = Debug|ARM64
		{994A6E3A-9EFA-4A44-80D7-64CAA02E11E8}.Debug|ARM64.Build.0 = Debug|ARM64
		{994A6E3A-9EFA-4A44-80D7-64CAA02E11E8}.Debug|ARM64.Deploy.0 = Debug|ARM64
		{994A6E3A-9EFA-4A44-80D7-64CAA02E11E8}.Debug|x64.ActiveCfg = Debug|x64
		{994A6E3A-9EFA-4A44-80D7-64CAA02E11E8}.Debug|x64.Build.0 = Debug|x64
		{994A6E3A-9EFA-4A44-80D7-64CAA02E11E8}.Debug|x64.Deploy.0 = Debug|x64
		{994A6E3A-9EFA-4A44-80D7-64CAA02E11E8}.Debug|x86.ActiveCfg = Debug|x86
		{994A6E3A-9EFA-4A44-80D7-64CAA02E11E8}.Debug|x86.Build.0 = Debug|x86
		{994A6E3A-9EFA-4A44-80D7-64CAA02E11E8}.Release|Any CPU.ActiveCfg = Release|x86
		{994A6E3A-9EFA-4A44-80D7-64CAA02E11E8}.Release|ARM.ActiveCfg = Release|ARM
		{994A6E3A-9EFA-4A44-80D7-64CAA02E11E8}.Release|ARM.Build.0 = Release|ARM
		{994A6E3A-9EFA-4A44-80D7-64CAA02E11E8}.Release|ARM.Deploy.0 = Release|ARM
		{994A6E3A-9EFA-4A44-80D7-64CAA02E11E8}.Release|ARM64.ActiveCfg = Release|ARM64
		{994A6E3A-9EFA-4A44-80D7-64CAA02E11E8}.Release|ARM64.Build.0 = Release|ARM64
		{994A6E3A-9EFA-4A44-80D7-64CAA02E11E8}.Release|ARM64.Deploy.0 = Release|ARM64
		{994A6E3A-9EFA-4A44-80D7-64CAA02E11E8}.Release|x64.ActiveCfg = Release|x64
		{994A6E3A-9EFA-4A44-80D7-64CAA02E11E8}.Release|x64.Build.0 = Release|x64
		{994A6E3A-9EFA-4A44-80D7-64CAA02E11E8}.Release|x64.Deploy.0 = Release|x64
		{994A6E3A-9EFA-4A44-80D7-64CAA02E11E8}.Release|x86.ActiveCfg = Release|x86
		{994A6E3A-9EFA-4A44-80D7-64CAA02E11E8}.Release|x86.Build.0 = Release|x86
		{994A6E3A-9EFA-4A44-80D7-64CAA02E11E8}.Release|x86.Deploy.0 = Release|x86
	EndGlobalSection
	GlobalSection(SolutionProperties) = preSolution
		HideSolutionNode = FALSE
	EndGlobalSection
	GlobalSection(ExtensibilityGlobals) = postSolution
		SolutionGuid = {C34933B7-FD13-46B0-8E88-919970CBDA7B}
	EndGlobalSection
EndGlobal
